
Microsoft Visual Studio Solution File, Format Version 12.00
# Visual Studio Version 18
VisualStudioVersion = 18.4.11626.88 stable
MinimumVisualStudioVersion = 10.0.40219.1
Project("{FAE04EC0-301F-11D3-BF4B-00C04F79EFBC}") = "Az_Kv", "Az_Kv.csproj", "{F74E25E6-023C-F76E-36CA-66BB9308D66D}"
EndProject
Global
	GlobalSection(SolutionConfigurationPlatforms) = preSolution
		Debug|Any CPU = Debug|Any CPU
		Release|Any CPU = Release|Any CPU
	EndGlobalSection
	GlobalSection(ProjectConfigurationPlatforms) = postSolution
		{F74E25E6-023C-F76E-36CA-66BB9308D66D}.Debug|Any CPU.ActiveCfg = Debug|Any CPU
		{F74E25E6-023C-F76E-36CA-66BB9308D66D}.Debug|Any CPU.Build.0 = Debug|Any CPU
		{F74E25E6-023C-F76E-36CA-66BB9308D66D}.Release|Any CPU.ActiveCfg = Release|Any CPU
		{F74E25E6-023C-F76E-36CA-66BB9308D66D}.Release|Any CPU.Build.0 = Release|Any CPU
	EndGlobalSection
	GlobalSection(SolutionProperties) = preSolution
		HideSolutionNode = FALSE
	EndGlobalSection
	GlobalSection(ExtensibilityGlobals) = postSolution
		SolutionGuid = {07C93C37-82BD-48AA-8711-BBCA8CFEB443}
	EndGlobalSection
EndGlobal
