
Microsoft Visual Studio Solution File, Format Version 12.00
# Visual Studio Version 18
VisualStudioVersion = 18.4.11620.152 stable
MinimumVisualStudioVersion = 10.0.40219.1
Project("{FAE04EC0-301F-11D3-BF4B-00C04F79EFBC}") = "Az_SB", "Az_SB.csproj", "{4E98BD5F-6723-DCA0-51C6-4DAB6CE9FF5F}"
EndProject
Global
	GlobalSection(SolutionConfigurationPlatforms) = preSolution
		Debug|Any CPU = Debug|Any CPU
		Release|Any CPU = Release|Any CPU
	EndGlobalSection
	GlobalSection(ProjectConfigurationPlatforms) = postSolution
		{4E98BD5F-6723-DCA0-51C6-4DAB6CE9FF5F}.Debug|Any CPU.ActiveCfg = Debug|Any CPU
		{4E98BD5F-6723-DCA0-51C6-4DAB6CE9FF5F}.Debug|Any CPU.Build.0 = Debug|Any CPU
		{4E98BD5F-6723-DCA0-51C6-4DAB6CE9FF5F}.Release|Any CPU.ActiveCfg = Release|Any CPU
		{4E98BD5F-6723-DCA0-51C6-4DAB6CE9FF5F}.Release|Any CPU.Build.0 = Release|Any CPU
	EndGlobalSection
	GlobalSection(SolutionProperties) = preSolution
		HideSolutionNode = FALSE
	EndGlobalSection
	GlobalSection(ExtensibilityGlobals) = postSolution
		SolutionGuid = {AFC4DAF1-8883-4149-BE0C-78ED0A985226}
	EndGlobalSection
EndGlobal
